github.com/Tnze/go-mc v1.18.1 h1:ehrAC9mmeUCjT+Mxlji4gxTAyLJ1yI1w84oaNg2pHOo=
github.com/Tnze/go-mc v1.18.1/go.mod h1:6MVVpHUdiCvauT4RsnzM3BUOue3eAUuJIr9wzjirGIY=
github.com/google/uuid v1.1.1/go.mod h1:TIyPZe4MgqvfeYDBFedMoGGpEw/LqOeaOT+nhxU+yHo=
github.com/google/uuid v1.3.0 h1:t6JiXgmwXMjEs8VusXIJk2BXHsn+wx8BZdTaoZ5fu7I=
github.com/google/uuid v1.3.0/go.mod h1:TIyPZe4MgqvfeYDBFedMoGGpEw/LqOeaOT+nhxU+yHo=